// !$*UTF8*$!
{
	archiveVersion = 1;
	classes = {
	};
	objectVersion = 48;
	objects = {

/* Begin PBXBuildFile section */
		BD02C5A31F9C66AB009F6977 /* SceneType.swift in Sources */ = {isa = PBXBuildFile; fileRef = BD02C5A21F9C66AB009F6977 /* SceneType.swift */; };
		BD02C5A51F9C6C38009F6977 /* FishManager.swift in Sources */ = {isa = PBXBuildFile; fileRef = BD02C5A41F9C6C38009F6977 /* FishManager.swift */; };
		BD02C5A71F9C72D6009F6977 /* SceneLoader.swift in Sources */ = {isa = PBXBuildFile; fileRef = BD02C5A61F9C72D6009F6977 /* SceneLoader.swift */; };
		BD02C5A91F9C7303009F6977 /* BFHScene.swift in Sources */ = {isa = PBXBuildFile; fileRef = BD02C5A81F9C7303009F6977 /* BFHScene.swift */; };
		BD02C5AB1F9C7316009F6977 /* PHSScene.swift in Sources */ = {isa = PBXBuildFile; fileRef = BD02C5AA1F9C7316009F6977 /* PHSScene.swift */; };
		BD02C5AD1F9C73E6009F6977 /* GameConstants.swift in Sources */ = {isa = PBXBuildFile; fileRef = BD02C5AC1F9C73E6009F6977 /* GameConstants.swift */; };
		BD36853F1FA078B700CB4BFA /* boardBackground1.sks in Resources */ = {isa = PBXBuildFile; fileRef = BD36853E1FA078B700CB4BFA /* boardBackground1.sks */; };
		BD3685411FA078C900CB4BFA /* BoardElements.sks in Resources */ = {isa = PBXBuildFile; fileRef = BD3685401FA078C900CB4BFA /* BoardElements.sks */; };
		BD3685461FA083B600CB4BFA /* BoardBaseScene.swift in Sources */ = {isa = PBXBuildFile; fileRef = BD3685451FA083B600CB4BFA /* BoardBaseScene.swift */; };
		BD3BB03B1F9C917E00DCA40E /* background1.sks in Resources */ = {isa = PBXBuildFile; fileRef = BD3BB03A1F9C917E00DCA40E /* background1.sks */; };
		BD3BB0421F9C94C800DCA40E /* Night at the Beach.mp3 in Resources */ = {isa = PBXBuildFile; fileRef = BD3BB03F1F9C94BF00DCA40E /* Night at the Beach.mp3 */; };
		BD3BB0431F9C94CC00DCA40E /* Polka Train.mp3 in Resources */ = {isa = PBXBuildFile; fileRef = BD3BB0401F9C94BF00DCA40E /* Polka Train.mp3 */; };
		BD3BB0441F9C94CE00DCA40E /* Sad Descent.mp3 in Resources */ = {isa = PBXBuildFile; fileRef = BD3BB0411F9C94C000DCA40E /* Sad Descent.mp3 */; };
		BD3BB0451F9C94D100DCA40E /* Sad Town.mp3 in Resources */ = {isa = PBXBuildFile; fileRef = BD3BB03E1F9C94BF00DCA40E /* Sad Town.mp3 */; };
		BD3BB0461F9C94D300DCA40E /* Space Cadet.mp3 in Resources */ = {isa = PBXBuildFile; fileRef = BD3BB03D1F9C94BF00DCA40E /* Space Cadet.mp3 */; };
		BD3FED821F9B70E400910AF7 /* AppDelegate.swift in Sources */ = {isa = PBXBuildFile; fileRef = BD3FED811F9B70E400910AF7 /* AppDelegate.swift */; };
		BD3FED861F9B70E400910AF7 /* Actions.sks in Resources */ = {isa = PBXBuildFile; fileRef = BD3FED851F9B70E400910AF7 /* Actions.sks */; };
		BD3FED881F9B70E400910AF7 /* GameScene.swift in Sources */ = {isa = PBXBuildFile; fileRef = BD3FED871F9B70E400910AF7 /* GameScene.swift */; };
		BD3FED8A1F9B70E400910AF7 /* GameViewController.swift in Sources */ = {isa = PBXBuildFile; fileRef = BD3FED891F9B70E400910AF7 /* GameViewController.swift */; };
		BD3FED8D1F9B70E400910AF7 /* Main.storyboard in Resources */ = {isa = PBXBuildFile; fileRef = BD3FED8B1F9B70E400910AF7 /* Main.storyboard */; };
		BD3FED8F1F9B70E400910AF7 /* Assets.xcassets in Resources */ = {isa = PBXBuildFile; fileRef = BD3FED8E1F9B70E400910AF7 /* Assets.xcassets */; };
		BD3FED921F9B70E400910AF7 /* LaunchScreen.storyboard in Resources */ = {isa = PBXBuildFile; fileRef = BD3FED901F9B70E400910AF7 /* LaunchScreen.storyboard */; };
		BD3FED9D1F9B70E400910AF7 /* LastFishFloatingTests.swift in Sources */ = {isa = PBXBuildFile; fileRef = BD3FED9C1F9B70E400910AF7 /* LastFishFloatingTests.swift */; };
		BD3FEDA81F9B70E400910AF7 /* LastFishFloatingUITests.swift in Sources */ = {isa = PBXBuildFile; fileRef = BD3FEDA71F9B70E400910AF7 /* LastFishFloatingUITests.swift */; };
		BD3FEDB71F9B723000910AF7 /* BaseScene.swift in Sources */ = {isa = PBXBuildFile; fileRef = BD3FEDB61F9B723000910AF7 /* BaseScene.swift */; };
		BD3FEDB91F9B72F000910AF7 /* AgentNode.swift in Sources */ = {isa = PBXBuildFile; fileRef = BD3FEDB81F9B72F000910AF7 /* AgentNode.swift */; };
		BD3FEDBC1F9B732400910AF7 /* GameplayKit.framework in Frameworks */ = {isa = PBXBuildFile; fileRef = BD3FEDBB1F9B732400910AF7 /* GameplayKit.framework */; };
		BD3FEDBE1F9B732B00910AF7 /* SpriteKit.framework in Frameworks */ = {isa = PBXBuildFile; fileRef = BD3FEDBD1F9B732B00910AF7 /* SpriteKit.framework */; };
		BD3FEDC11F9B73AF00910AF7 /* ConversionHelper.swift in Sources */ = {isa = PBXBuildFile; fileRef = BD3FEDC01F9B73AF00910AF7 /* ConversionHelper.swift */; };
		BD3FEDC41F9B74A300910AF7 /* Player.swift in Sources */ = {isa = PBXBuildFile; fileRef = BD3FEDC31F9B74A300910AF7 /* Player.swift */; };
		BD3FEDC61F9B74AE00910AF7 /* FIsh.swift in Sources */ = {isa = PBXBuildFile; fileRef = BD3FEDC51F9B74AE00910AF7 /* FIsh.swift */; };
		BD3FEDC81F9B74B500910AF7 /* FishType.swift in Sources */ = {isa = PBXBuildFile; fileRef = BD3FEDC71F9B74B500910AF7 /* FishType.swift */; };
		BD3FEDCA1F9B751A00910AF7 /* FishOrientation.swift in Sources */ = {isa = PBXBuildFile; fileRef = BD3FEDC91F9B751A00910AF7 /* FishOrientation.swift */; };
		BD3FEDCC1F9B777600910AF7 /* FishOutlineState.swift in Sources */ = {isa = PBXBuildFile; fileRef = BD3FEDCB1F9B777600910AF7 /* FishOutlineState.swift */; };
		BD427EDD1F9DFDB800502FF7 /* bubbles1.sks in Resources */ = {isa = PBXBuildFile; fileRef = BD427EDB1F9DFDB800502FF7 /* bubbles1.sks */; };
		BD427EDE1F9DFDB800502FF7 /* Assets.xcassets in Resources */ = {isa = PBXBuildFile; fileRef = BD427EDC1F9DFDB800502FF7 /* Assets.xcassets */; };
		BD4436961F9CA7D500D9D4D9 /* PathConfiguration.swift in Sources */ = {isa = PBXBuildFile; fileRef = BD4436951F9CA7D500D9D4D9 /* PathConfiguration.swift */; };
		BD4436981F9CB2B500D9D4D9 /* SKSceneReader.swift in Sources */ = {isa = PBXBuildFile; fileRef = BD4436971F9CB2B500D9D4D9 /* SKSceneReader.swift */; };
		BD44369A1F9CB53400D9D4D9 /* Plan in Resources */ = {isa = PBXBuildFile; fileRef = BD4436991F9CB53400D9D4D9 /* Plan */; };
		BD44369C1F9CB6C900D9D4D9 /* SKNode+Extension.swift in Sources */ = {isa = PBXBuildFile; fileRef = BD44369B1F9CB6C900D9D4D9 /* SKNode+Extension.swift */; };
		BDA9162C1FA055E400B25CD0 /* ColliderType.swift in Sources */ = {isa = PBXBuildFile; fileRef = BDA9162B1FA055E400B25CD0 /* ColliderType.swift */; };
		BDA9162F1FA056F600B25CD0 /* CollectibleType.swift in Sources */ = {isa = PBXBuildFile; fileRef = BDA9162E1FA056F600B25CD0 /* CollectibleType.swift */; };
		BDA916311FA0580300B25CD0 /* Collectible.swift in Sources */ = {isa = PBXBuildFile; fileRef = BDA916301FA0580300B25CD0 /* Collectible.swift */; };
		BDA916331FA0581900B25CD0 /* CollectibleSprite.swift in Sources */ = {isa = PBXBuildFile; fileRef = BDA916321FA0581900B25CD0 /* CollectibleSprite.swift */; };
		BDA916351FA0586E00B25CD0 /* CollectibleManager.swift in Sources */ = {isa = PBXBuildFile; fileRef = BDA916341FA0586E00B25CD0 /* CollectibleManager.swift */; };
/* End PBXBuildFile section */

/* Begin PBXContainerItemProxy section */
		BD3FED991F9B70E400910AF7 /* PBXContainerItemProxy */ = {
			isa = PBXContainerItemProxy;
			containerPortal = BD3FED761F9B70E400910AF7 /* Project object */;
			proxyType = 1;
			remoteGlobalIDString = BD3FED7D1F9B70E400910AF7;
			remoteInfo = LastFishFloating;
		};
		BD3FEDA41F9B70E400910AF7 /* PBXContainerItemProxy */ = {
			isa = PBXContainerItemProxy;
			containerPortal = BD3FED761F9B70E400910AF7 /* Project object */;
			proxyType = 1;
			remoteGlobalIDString = BD3FED7D1F9B70E400910AF7;
			remoteInfo = LastFishFloating;
		};
/* End PBXContainerItemProxy section */

/* Begin PBXFileReference section */
		BD02C5A21F9C66AB009F6977 /* SceneType.swift */ = {isa = PBXFileReference; lastKnownFileType = sourcecode.swift; path = SceneType.swift; sourceTree = "<group>"; };
		BD02C5A41F9C6C38009F6977 /* FishManager.swift */ = {isa = PBXFileReference; lastKnownFileType = sourcecode.swift; path = FishManager.swift; sourceTree = "<group>"; };
		BD02C5A61F9C72D6009F6977 /* SceneLoader.swift */ = {isa = PBXFileReference; lastKnownFileType = sourcecode.swift; path = SceneLoader.swift; sourceTree = "<group>"; };
		BD02C5A81F9C7303009F6977 /* BFHScene.swift */ = {isa = PBXFileReference; lastKnownFileType = sourcecode.swift; path = BFHScene.swift; sourceTree = "<group>"; };
		BD02C5AA1F9C7316009F6977 /* PHSScene.swift */ = {isa = PBXFileReference; lastKnownFileType = sourcecode.swift; path = PHSScene.swift; sourceTree = "<group>"; };
		BD02C5AC1F9C73E6009F6977 /* GameConstants.swift */ = {isa = PBXFileReference; lastKnownFileType = sourcecode.swift; path = GameConstants.swift; sourceTree = "<group>"; };
		BD36853E1FA078B700CB4BFA /* boardBackground1.sks */ = {isa = PBXFileReference; lastKnownFileType = file.sks; path = boardBackground1.sks; sourceTree = "<group>"; };
		BD3685401FA078C900CB4BFA /* BoardElements.sks */ = {isa = PBXFileReference; lastKnownFileType = file.sks; path = BoardElements.sks; sourceTree = "<group>"; };
		BD3685451FA083B600CB4BFA /* BoardBaseScene.swift */ = {isa = PBXFileReference; lastKnownFileType = sourcecode.swift; path = BoardBaseScene.swift; sourceTree = "<group>"; };
		BD3BB03A1F9C917E00DCA40E /* background1.sks */ = {isa = PBXFileReference; lastKnownFileType = file.sks; path = background1.sks; sourceTree = "<group>"; };
		BD3BB03D1F9C94BF00DCA40E /* Space Cadet.mp3 */ = {isa = PBXFileReference; lastKnownFileType = audio.mp3; path = "Space Cadet.mp3"; sourceTree = "<group>"; };
		BD3BB03E1F9C94BF00DCA40E /* Sad Town.mp3 */ = {isa = PBXFileReference; lastKnownFileType = audio.mp3; path = "Sad Town.mp3"; sourceTree = "<group>"; };
		BD3BB03F1F9C94BF00DCA40E /* Night at the Beach.mp3 */ = {isa = PBXFileReference; lastKnownFileType = audio.mp3; path = "Night at the Beach.mp3"; sourceTree = "<group>"; };
		BD3BB0401F9C94BF00DCA40E /* Polka Train.mp3 */ = {isa = PBXFileReference; lastKnownFileType = audio.mp3; path = "Polka Train.mp3"; sourceTree = "<group>"; };
		BD3BB0411F9C94C000DCA40E /* Sad Descent.mp3 */ = {isa = PBXFileReference; lastKnownFileType = audio.mp3; path = "Sad Descent.mp3"; sourceTree = "<group>"; };
		BD3FED7E1F9B70E400910AF7 /* LastFishFloating.app */ = {isa = PBXFileReference; explicitFileType = wrapper.application; includeInIndex = 0; path = LastFishFloating.app; sourceTree = BUILT_PRODUCTS_DIR; };
		BD3FED811F9B70E400910AF7 /* AppDelegate.swift */ = {isa = PBXFileReference; lastKnownFileType = sourcecode.swift; path = AppDelegate.swift; sourceTree = "<group>"; };
		BD3FED851F9B70E400910AF7 /* Actions.sks */ = {isa = PBXFileReference; lastKnownFileType = file.sks; path = Actions.sks; sourceTree = "<group>"; };
		BD3FED871F9B70E400910AF7 /* GameScene.swift */ = {isa = PBXFileReference; lastKnownFileType = sourcecode.swift; path = GameScene.swift; sourceTree = "<group>"; };
		BD3FED891F9B70E400910AF7 /* GameViewController.swift */ = {isa = PBXFileReference; lastKnownFileType = sourcecode.swift; path = GameViewController.swift; sourceTree = "<group>"; };
		BD3FED8C1F9B70E400910AF7 /* Base */ = {isa = PBXFileReference; lastKnownFileType = file.storyboard; name = Base; path = Base.lproj/Main.storyboard; sourceTree = "<group>"; };
		BD3FED8E1F9B70E400910AF7 /* Assets.xcassets */ = {isa = PBXFileReference; lastKnownFileType = folder.assetcatalog; path = Assets.xcassets; sourceTree = "<group>"; };
		BD3FED911F9B70E400910AF7 /* Base */ = {isa = PBXFileReference; lastKnownFileType = file.storyboard; name = Base; path = Base.lproj/LaunchScreen.storyboard; sourceTree = "<group>"; };
		BD3FED931F9B70E400910AF7 /* Info.plist */ = {isa = PBXFileReference; lastKnownFileType = text.plist.xml; path = Info.plist; sourceTree = "<group>"; };
		BD3FED981F9B70E400910AF7 /* LastFishFloatingTests.xctest */ = {isa = PBXFileReference; explicitFileType = wrapper.cfbundle; includeInIndex = 0; path = LastFishFloatingTests.xctest; sourceTree = BUILT_PRODUCTS_DIR; };
		BD3FED9C1F9B70E400910AF7 /* LastFishFloatingTests.swift */ = {isa = PBXFileReference; lastKnownFileType = sourcecode.swift; path = LastFishFloatingTests.swift; sourceTree = "<group>"; };
		BD3FED9E1F9B70E400910AF7 /* Info.plist */ = {isa = PBXFileReference; lastKnownFileType = text.plist.xml; path = Info.plist; sourceTree = "<group>"; };
		BD3FEDA31F9B70E400910AF7 /* LastFishFloatingUITests.xctest */ = {isa = PBXFileReference; explicitFileType = wrapper.cfbundle; includeInIndex = 0; path = LastFishFloatingUITests.xctest; sourceTree = BUILT_PRODUCTS_DIR; };
		BD3FEDA71F9B70E400910AF7 /* LastFishFloatingUITests.swift */ = {isa = PBXFileReference; lastKnownFileType = sourcecode.swift; path = LastFishFloatingUITests.swift; sourceTree = "<group>"; };
		BD3FEDA91F9B70E400910AF7 /* Info.plist */ = {isa = PBXFileReference; lastKnownFileType = text.plist.xml; path = Info.plist; sourceTree = "<group>"; };
		BD3FEDB61F9B723000910AF7 /* BaseScene.swift */ = {isa = PBXFileReference; lastKnownFileType = sourcecode.swift; path = BaseScene.swift; sourceTree = "<group>"; };
		BD3FEDB81F9B72F000910AF7 /* AgentNode.swift */ = {isa = PBXFileReference; lastKnownFileType = sourcecode.swift; path = AgentNode.swift; sourceTree = "<group>"; };
		BD3FEDBB1F9B732400910AF7 /* GameplayKit.framework */ = {isa = PBXFileReference; lastKnownFileType = wrapper.framework; name = GameplayKit.framework; path = System/Library/Frameworks/GameplayKit.framework; sourceTree = SDKROOT; };
		BD3FEDBD1F9B732B00910AF7 /* SpriteKit.framework */ = {isa = PBXFileReference; lastKnownFileType = wrapper.framework; name = SpriteKit.framework; path = System/Library/Frameworks/SpriteKit.framework; sourceTree = SDKROOT; };
		BD3FEDC01F9B73AF00910AF7 /* ConversionHelper.swift */ = {isa = PBXFileReference; lastKnownFileType = sourcecode.swift; path = ConversionHelper.swift; sourceTree = "<group>"; };
		BD3FEDC31F9B74A300910AF7 /* Player.swift */ = {isa = PBXFileReference; lastKnownFileType = sourcecode.swift; path = Player.swift; sourceTree = "<group>"; };
		BD3FEDC51F9B74AE00910AF7 /* FIsh.swift */ = {isa = PBXFileReference; lastKnownFileType = sourcecode.swift; path = FIsh.swift; sourceTree = "<group>"; };
		BD3FEDC71F9B74B500910AF7 /* FishType.swift */ = {isa = PBXFileReference; lastKnownFileType = sourcecode.swift; path = FishType.swift; sourceTree = "<group>"; };
		BD3FEDC91F9B751A00910AF7 /* FishOrientation.swift */ = {isa = PBXFileReference; lastKnownFileType = sourcecode.swift; path = FishOrientation.swift; sourceTree = "<group>"; };
		BD3FEDCB1F9B777600910AF7 /* FishOutlineState.swift */ = {isa = PBXFileReference; lastKnownFileType = sourcecode.swift; path = FishOutlineState.swift; sourceTree = "<group>"; };
		BD427EDB1F9DFDB800502FF7 /* bubbles1.sks */ = {isa = PBXFileReference; lastKnownFileType = file.sks; path = bubbles1.sks; sourceTree = "<group>"; };
		BD427EDC1F9DFDB800502FF7 /* Assets.xcassets */ = {isa = PBXFileReference; lastKnownFileType = folder.assetcatalog; path = Assets.xcassets; sourceTree = "<group>"; };
		BD4436951F9CA7D500D9D4D9 /* PathConfiguration.swift */ = {isa = PBXFileReference; lastKnownFileType = sourcecode.swift; path = PathConfiguration.swift; sourceTree = "<group>"; };
		BD4436971F9CB2B500D9D4D9 /* SKSceneReader.swift */ = {isa = PBXFileReference; lastKnownFileType = sourcecode.swift; path = SKSceneReader.swift; sourceTree = "<group>"; };
		BD4436991F9CB53400D9D4D9 /* Plan */ = {isa = PBXFileReference; lastKnownFileType = text; path = Plan; sourceTree = "<group>"; };
		BD44369B1F9CB6C900D9D4D9 /* SKNode+Extension.swift */ = {isa = PBXFileReference; lastKnownFileType = sourcecode.swift; path = "SKNode+Extension.swift"; sourceTree = "<group>"; };
		BDA9162B1FA055E400B25CD0 /* ColliderType.swift */ = {isa = PBXFileReference; lastKnownFileType = sourcecode.swift; path = ColliderType.swift; sourceTree = "<group>"; };
		BDA9162E1FA056F600B25CD0 /* CollectibleType.swift */ = {isa = PBXFileReference; lastKnownFileType = sourcecode.swift; path = CollectibleType.swift; sourceTree = "<group>"; };
		BDA916301FA0580300B25CD0 /* Collectible.swift */ = {isa = PBXFileReference; lastKnownFileType = sourcecode.swift; path = Collectible.swift; sourceTree = "<group>"; };
		BDA916321FA0581900B25CD0 /* CollectibleSprite.swift */ = {isa = PBXFileReference; lastKnownFileType = sourcecode.swift; path = CollectibleSprite.swift; sourceTree = "<group>"; };
		BDA916341FA0586E00B25CD0 /* CollectibleManager.swift */ = {isa = PBXFileReference; lastKnownFileType = sourcecode.swift; path = CollectibleManager.swift; sourceTree = "<group>"; };
/* End PBXFileReference section */

/* Begin PBXFrameworksBuildPhase section */
		BD3FED7B1F9B70E400910AF7 /* Frameworks */ = {
			isa = PBXFrameworksBuildPhase;
			buildActionMask = 2147483647;
			files = (
				BD3FEDBE1F9B732B00910AF7 /* SpriteKit.framework in Frameworks */,
				BD3FEDBC1F9B732400910AF7 /* GameplayKit.framework in Frameworks */,
			);
			runOnlyForDeploymentPostprocessing = 0;
		};
		BD3FED951F9B70E400910AF7 /* Frameworks */ = {
			isa = PBXFrameworksBuildPhase;
			buildActionMask = 2147483647;
			files = (
			);
			runOnlyForDeploymentPostprocessing = 0;
		};
		BD3FEDA01F9B70E400910AF7 /* Frameworks */ = {
			isa = PBXFrameworksBuildPhase;
			buildActionMask = 2147483647;
			files = (
			);
			runOnlyForDeploymentPostprocessing = 0;
		};
/* End PBXFrameworksBuildPhase section */

/* Begin PBXGroup section */
		BD3685421FA0837600CB4BFA /* BoardScenes */ = {
			isa = PBXGroup;
			children = (
				BD3685451FA083B600CB4BFA /* BoardBaseScene.swift */,
			);
			path = BoardScenes;
			sourceTree = "<group>";
		};
		BD3BB0391F9C916800DCA40E /* SKSFiles */ = {
			isa = PBXGroup;
			children = (
				BD3BB03A1F9C917E00DCA40E /* background1.sks */,
				BD427EDB1F9DFDB800502FF7 /* bubbles1.sks */,
				BD427EDC1F9DFDB800502FF7 /* Assets.xcassets */,
				BD36853E1FA078B700CB4BFA /* boardBackground1.sks */,
				BD3685401FA078C900CB4BFA /* BoardElements.sks */,
			);
			path = SKSFiles;
			sourceTree = "<group>";
		};
		BD3BB03C1F9C94AE00DCA40E /* BackgroundMusic */ = {
			isa = PBXGroup;
			children = (
				BD3BB03F1F9C94BF00DCA40E /* Night at the Beach.mp3 */,
				BD3BB0401F9C94BF00DCA40E /* Polka Train.mp3 */,
				BD3BB0411F9C94C000DCA40E /* Sad Descent.mp3 */,
				BD3BB03E1F9C94BF00DCA40E /* Sad Town.mp3 */,
				BD3BB03D1F9C94BF00DCA40E /* Space Cadet.mp3 */,
			);
			path = BackgroundMusic;
			sourceTree = "<group>";
		};
		BD3BB0471F9C94D900DCA40E /* SoundEffects */ = {
			isa = PBXGroup;
			children = (
			);
			path = SoundEffects;
			sourceTree = "<group>";
		};
		BD3FED751F9B70E400910AF7 = {
			isa = PBXGroup;
			children = (
				BD3FED801F9B70E400910AF7 /* LastFishFloating */,
				BD3FED9B1F9B70E400910AF7 /* LastFishFloatingTests */,
				BD3FEDA61F9B70E400910AF7 /* LastFishFloatingUITests */,
				BD3FED7F1F9B70E400910AF7 /* Products */,
				BD3FEDBA1F9B732400910AF7 /* Frameworks */,
			);
			sourceTree = "<group>";
		};
		BD3FED7F1F9B70E400910AF7 /* Products */ = {
			isa = PBXGroup;
			children = (
				BD3FED7E1F9B70E400910AF7 /* LastFishFloating.app */,
				BD3FED981F9B70E400910AF7 /* LastFishFloatingTests.xctest */,
				BD3FEDA31F9B70E400910AF7 /* LastFishFloatingUITests.xctest */,
			);
			name = Products;
			sourceTree = "<group>";
		};
		BD3FED801F9B70E400910AF7 /* LastFishFloating */ = {
			isa = PBXGroup;
			children = (
				BD3685421FA0837600CB4BFA /* BoardScenes */,
				BDA9162D1FA056E600B25CD0 /* Collectibles */,
				BD3BB0471F9C94D900DCA40E /* SoundEffects */,
				BD3BB03C1F9C94AE00DCA40E /* BackgroundMusic */,
				BD3BB0391F9C916800DCA40E /* SKSFiles */,
				BD3FEDC21F9B749900910AF7 /* Characters */,
				BD3FEDBF1F9B739C00910AF7 /* GameUtil */,
				BD3FEDB51F9B722500910AF7 /* Scenes */,
				BD3FED811F9B70E400910AF7 /* AppDelegate.swift */,
				BD3FED851F9B70E400910AF7 /* Actions.sks */,
				BD3FED871F9B70E400910AF7 /* GameScene.swift */,
				BD3FED891F9B70E400910AF7 /* GameViewController.swift */,
				BD3FED8B1F9B70E400910AF7 /* Main.storyboard */,
				BD3FED8E1F9B70E400910AF7 /* Assets.xcassets */,
				BD3FED901F9B70E400910AF7 /* LaunchScreen.storyboard */,
				BD3FED931F9B70E400910AF7 /* Info.plist */,
				BD4436991F9CB53400D9D4D9 /* Plan */,
			);
			path = LastFishFloating;
			sourceTree = "<group>";
		};
		BD3FED9B1F9B70E400910AF7 /* LastFishFloatingTests */ = {
			isa = PBXGroup;
			children = (
				BD3FED9C1F9B70E400910AF7 /* LastFishFloatingTests.swift */,
				BD3FED9E1F9B70E400910AF7 /* Info.plist */,
			);
			path = LastFishFloatingTests;
			sourceTree = "<group>";
		};
		BD3FEDA61F9B70E400910AF7 /* LastFishFloatingUITests */ = {
			isa = PBXGroup;
			children = (
				BD3FEDA71F9B70E400910AF7 /* LastFishFloatingUITests.swift */,
				BD3FEDA91F9B70E400910AF7 /* Info.plist */,
			);
			path = LastFishFloatingUITests;
			sourceTree = "<group>";
		};
		BD3FEDB51F9B722500910AF7 /* Scenes */ = {
			isa = PBXGroup;
			children = (
				BD3FEDB61F9B723000910AF7 /* BaseScene.swift */,
				BD02C5A21F9C66AB009F6977 /* SceneType.swift */,
				BD02C5A61F9C72D6009F6977 /* SceneLoader.swift */,
				BD02C5A81F9C7303009F6977 /* BFHScene.swift */,
				BD02C5AA1F9C7316009F6977 /* PHSScene.swift */,
			);
			path = Scenes;
			sourceTree = "<group>";
		};
		BD3FEDBA1F9B732400910AF7 /* Frameworks */ = {
			isa = PBXGroup;
			children = (
				BD3FEDBD1F9B732B00910AF7 /* SpriteKit.framework */,
				BD3FEDBB1F9B732400910AF7 /* GameplayKit.framework */,
			);
			name = Frameworks;
			sourceTree = "<group>";
		};
		BD3FEDBF1F9B739C00910AF7 /* GameUtil */ = {
			isa = PBXGroup;
			children = (
				BD3FEDC01F9B73AF00910AF7 /* ConversionHelper.swift */,
				BD02C5AC1F9C73E6009F6977 /* GameConstants.swift */,
				BD4436951F9CA7D500D9D4D9 /* PathConfiguration.swift */,
				BD4436971F9CB2B500D9D4D9 /* SKSceneReader.swift */,
				BD44369B1F9CB6C900D9D4D9 /* SKNode+Extension.swift */,
				BDA9162B1FA055E400B25CD0 /* ColliderType.swift */,
			);
			path = GameUtil;
			sourceTree = "<group>";
		};
		BD3FEDC21F9B749900910AF7 /* Characters */ = {
			isa = PBXGroup;
			children = (
				BD3FEDB81F9B72F000910AF7 /* AgentNode.swift */,
				BD3FEDC31F9B74A300910AF7 /* Player.swift */,
				BD3FEDC51F9B74AE00910AF7 /* FIsh.swift */,
				BD3FEDC71F9B74B500910AF7 /* FishType.swift */,
				BD3FEDC91F9B751A00910AF7 /* FishOrientation.swift */,
				BD3FEDCB1F9B777600910AF7 /* FishOutlineState.swift */,
				BD02C5A41F9C6C38009F6977 /* FishManager.swift */,
			);
			path = Characters;
			sourceTree = "<group>";
		};
		BDA9162D1FA056E600B25CD0 /* Collectibles */ = {
			isa = PBXGroup;
			children = (
				BDA9162E1FA056F600B25CD0 /* CollectibleType.swift */,
				BDA916301FA0580300B25CD0 /* Collectible.swift */,
				BDA916321FA0581900B25CD0 /* CollectibleSprite.swift */,
				BDA916341FA0586E00B25CD0 /* CollectibleManager.swift */,
			);
			path = Collectibles;
			sourceTree = "<group>";
		};
/* End PBXGroup section */

/* Begin PBXNativeTarget section */
		BD3FED7D1F9B70E400910AF7 /* LastFishFloating */ = {
			isa = PBXNativeTarget;
			buildConfigurationList = BD3FEDAC1F9B70E400910AF7 /* Build configuration list for PBXNativeTarget "LastFishFloating" */;
			buildPhases = (
				BD3FED7A1F9B70E400910AF7 /* Sources */,
				BD3FED7B1F9B70E400910AF7 /* Frameworks */,
				BD3FED7C1F9B70E400910AF7 /* Resources */,
			);
			buildRules = (
			);
			dependencies = (
			);
			name = LastFishFloating;
			productName = LastFishFloating;
			productReference = BD3FED7E1F9B70E400910AF7 /* LastFishFloating.app */;
			productType = "com.apple.product-type.application";
		};
		BD3FED971F9B70E400910AF7 /* LastFishFloatingTests */ = {
			isa = PBXNativeTarget;
			buildConfigurationList = BD3FEDAF1F9B70E400910AF7 /* Build configuration list for PBXNativeTarget "LastFishFloatingTests" */;
			buildPhases = (
				BD3FED941F9B70E400910AF7 /* Sources */,
				BD3FED951F9B70E400910AF7 /* Frameworks */,
				BD3FED961F9B70E400910AF7 /* Resources */,
			);
			buildRules = (
			);
			dependencies = (
				BD3FED9A1F9B70E400910AF7 /* PBXTargetDependency */,
			);
			name = LastFishFloatingTests;
			productName = LastFishFloatingTests;
			productReference = BD3FED981F9B70E400910AF7 /* LastFishFloatingTests.xctest */;
			productType = "com.apple.product-type.bundle.unit-test";
		};
		BD3FEDA21F9B70E400910AF7 /* LastFishFloatingUITests */ = {
			isa = PBXNativeTarget;
			buildConfigurationList = BD3FEDB21F9B70E400910AF7 /* Build configuration list for PBXNativeTarget "LastFishFloatingUITests" */;
			buildPhases = (
				BD3FED9F1F9B70E400910AF7 /* Sources */,
				BD3FEDA01F9B70E400910AF7 /* Frameworks */,
				BD3FEDA11F9B70E400910AF7 /* Resources */,
			);
			buildRules = (
			);
			dependencies = (
				BD3FEDA51F9B70E400910AF7 /* PBXTargetDependency */,
			);
			name = LastFishFloatingUITests;
			productName = LastFishFloatingUITests;
			productReference = BD3FEDA31F9B70E400910AF7 /* LastFishFloatingUITests.xctest */;
			productType = "com.apple.product-type.bundle.ui-testing";
		};
/* End PBXNativeTarget section */

/* Begin PBXProject section */
		BD3FED761F9B70E400910AF7 /* Project object */ = {
			isa = PBXProject;
			attributes = {
				LastSwiftUpdateCheck = 0900;
				LastUpgradeCheck = 0900;
				ORGANIZATIONNAME = "Aleksander Makedonski";
				TargetAttributes = {
					BD3FED7D1F9B70E400910AF7 = {
						CreatedOnToolsVersion = 9.0;
						ProvisioningStyle = Automatic;
					};
					BD3FED971F9B70E400910AF7 = {
						CreatedOnToolsVersion = 9.0;
						ProvisioningStyle = Automatic;
						TestTargetID = BD3FED7D1F9B70E400910AF7;
					};
					BD3FEDA21F9B70E400910AF7 = {
						CreatedOnToolsVersion = 9.0;
						ProvisioningStyle = Automatic;
						TestTargetID = BD3FED7D1F9B70E400910AF7;
					};
				};
			};
			buildConfigurationList = BD3FED791F9B70E400910AF7 /* Build configuration list for PBXProject "LastFishFloating" */;
			compatibilityVersion = "Xcode 8.0";
			developmentRegion = en;
			hasScannedForEncodings = 0;
			knownRegions = (
				en,
				Base,
			);
			mainGroup = BD3FED751F9B70E400910AF7;
			productRefGroup = BD3FED7F1F9B70E400910AF7 /* Products */;
			projectDirPath = "";
			projectRoot = "";
			targets = (
				BD3FED7D1F9B70E400910AF7 /* LastFishFloating */,
				BD3FED971F9B70E400910AF7 /* LastFishFloatingTests */,
				BD3FEDA21F9B70E400910AF7 /* LastFishFloatingUITests */,
			);
		};
/* End PBXProject section */

/* Begin PBXResourcesBuildPhase section */
		BD3FED7C1F9B70E400910AF7 /* Resources */ = {
			isa = PBXResourcesBuildPhase;
			buildActionMask = 2147483647;
			files = (
				BD3BB0431F9C94CC00DCA40E /* Polka Train.mp3 in Resources */,
				BD3BB03B1F9C917E00DCA40E /* background1.sks in Resources */,
				BD3BB0421F9C94C800DCA40E /* Night at the Beach.mp3 in Resources */,
				BD427EDD1F9DFDB800502FF7 /* bubbles1.sks in Resources */,
				BD3BB0441F9C94CE00DCA40E /* Sad Descent.mp3 in Resources */,
				BD3FED8D1F9B70E400910AF7 /* Main.storyboard in Resources */,
				BD427EDE1F9DFDB800502FF7 /* Assets.xcassets in Resources */,
				BD3FED8F1F9B70E400910AF7 /* Assets.xcassets in Resources */,
				BD3BB0451F9C94D100DCA40E /* Sad Town.mp3 in Resources */,
				BD3685411FA078C900CB4BFA /* BoardElements.sks in Resources */,
				BD3FED921F9B70E400910AF7 /* LaunchScreen.storyboard in Resources */,
				BD44369A1F9CB53400D9D4D9 /* Plan in Resources */,
				BD3BB0461F9C94D300DCA40E /* Space Cadet.mp3 in Resources */,
				BD36853F1FA078B700CB4BFA /* boardBackground1.sks in Resources */,
				BD3FED861F9B70E400910AF7 /* Actions.sks in Resources */,
			);
			runOnlyForDeploymentPostprocessing = 0;
		};
		BD3FED961F9B70E400910AF7 /* Resources */ = {
			isa = PBXResourcesBuildPhase;
			buildActionMask = 2147483647;
			files = (
			);
			runOnlyForDeploymentPostprocessing = 0;
		};
		BD3FEDA11F9B70E400910AF7 /* Resources */ = {
			isa = PBXResourcesBuildPhase;
			buildActionMask = 2147483647;
			files = (
			);
			runOnlyForDeploymentPostprocessing = 0;
		};
/* End PBXResourcesBuildPhase section */

/* Begin PBXSourcesBuildPhase section */
		BD3FED7A1F9B70E400910AF7 /* Sources */ = {
			isa = PBXSourcesBuildPhase;
			buildActionMask = 2147483647;
			files = (
				BD3FEDCA1F9B751A00910AF7 /* FishOrientation.swift in Sources */,
				BD4436961F9CA7D500D9D4D9 /* PathConfiguration.swift in Sources */,
				BD3FEDC81F9B74B500910AF7 /* FishType.swift in Sources */,
				BDA916331FA0581900B25CD0 /* CollectibleSprite.swift in Sources */,
				BD02C5AB1F9C7316009F6977 /* PHSScene.swift in Sources */,
				BD3FED881F9B70E400910AF7 /* GameScene.swift in Sources */,
				BD3FEDC11F9B73AF00910AF7 /* ConversionHelper.swift in Sources */,
				BD3FED8A1F9B70E400910AF7 /* GameViewController.swift in Sources */,
				BD3685461FA083B600CB4BFA /* BoardBaseScene.swift in Sources */,
				BDA916351FA0586E00B25CD0 /* CollectibleManager.swift in Sources */,
				BDA9162C1FA055E400B25CD0 /* ColliderType.swift in Sources */,
				BD4436981F9CB2B500D9D4D9 /* SKSceneReader.swift in Sources */,
				BD3FEDCC1F9B777600910AF7 /* FishOutlineState.swift in Sources */,
				BD02C5A51F9C6C38009F6977 /* FishManager.swift in Sources */,
				BD02C5AD1F9C73E6009F6977 /* GameConstants.swift in Sources */,
				BD02C5A31F9C66AB009F6977 /* SceneType.swift in Sources */,
				BD02C5A91F9C7303009F6977 /* BFHScene.swift in Sources */,
				BDA916311FA0580300B25CD0 /* Collectible.swift in Sources */,
				BD3FEDB91F9B72F000910AF7 /* AgentNode.swift in Sources */,
				BD02C5A71F9C72D6009F6977 /* SceneLoader.swift in Sources */,
				BD3FEDC41F9B74A300910AF7 /* Player.swift in Sources */,
				BD3FED821F9B70E400910AF7 /* AppDelegate.swift in Sources */,
				BD44369C1F9CB6C900D9D4D9 /* SKNode+Extension.swift in Sources */,
				BD3FEDB71F9B723000910AF7 /* BaseScene.swift in Sources */,
				BDA9162F1FA056F600B25CD0 /* CollectibleType.swift in Sources */,
				BD3FEDC61F9B74AE00910AF7 /* FIsh.swift in Sources */,
			);
			runOnlyForDeploymentPostprocessing = 0;
		};
		BD3FED941F9B70E400910AF7 /* Sources */ = {
			isa = PBXSourcesBuildPhase;
			buildActionMask = 2147483647;
			files = (
				BD3FED9D1F9B70E400910AF7 /* LastFishFloatingTests.swift in Sources */,
			);
			runOnlyForDeploymentPostprocessing = 0;
		};
		BD3FED9F1F9B70E400910AF7 /* Sources */ = {
			isa = PBXSourcesBuildPhase;
			buildActionMask = 2147483647;
			files = (
				BD3FEDA81F9B70E400910AF7 /* LastFishFloatingUITests.swift in Sources */,
			);
			runOnlyForDeploymentPostprocessing = 0;
		};
/* End PBXSourcesBuildPhase section */

/* Begin PBXTargetDependency section */
		BD3FED9A1F9B70E400910AF7 /* PBXTargetDependency */ = {
			isa = PBXTargetDependency;
			target = BD3FED7D1F9B70E400910AF7 /* LastFishFloating */;
			targetProxy = BD3FED991F9B70E400910AF7 /* PBXContainerItemProxy */;
		};
		BD3FEDA51F9B70E400910AF7 /* PBXTargetDependency */ = {
			isa = PBXTargetDependency;
			target = BD3FED7D1F9B70E400910AF7 /* LastFishFloating */;
			targetProxy = BD3FEDA41F9B70E400910AF7 /* PBXContainerItemProxy */;
		};
/* End PBXTargetDependency section */

/* Begin PBXVariantGroup section */
		BD3FED8B1F9B70E400910AF7 /* Main.storyboard */ = {
			isa = PBXVariantGroup;
			children = (
				BD3FED8C1F9B70E400910AF7 /* Base */,
			);
			name = Main.storyboard;
			sourceTree = "<group>";
		};
		BD3FED901F9B70E400910AF7 /* LaunchScreen.storyboard */ = {
			isa = PBXVariantGroup;
			children = (
				BD3FED911F9B70E400910AF7 /* Base */,
			);
			name = LaunchScreen.storyboard;
			sourceTree = "<group>";
		};
/* End PBXVariantGroup section */

/* Begin XCBuildConfiguration section */
		BD3FEDAA1F9B70E400910AF7 /* Debug */ = {
			isa = XCBuildConfiguration;
			buildSettings = {
				ALWAYS_SEARCH_USER_PATHS = NO;
				CLANG_ANALYZER_NONNULL = YES;
				CLANG_ANALYZER_NUMBER_OBJECT_CONVERSION = YES_AGGRESSIVE;
				CLANG_CXX_LANGUAGE_STANDARD = "gnu++14";
				CLANG_CXX_LIBRARY = "libc++";
				CLANG_ENABLE_MODULES = YES;
				CLANG_ENABLE_OBJC_ARC = YES;
				CLANG_WARN_BLOCK_CAPTURE_AUTORELEASING = YES;
				CLANG_WARN_BOOL_CONVERSION = YES;
				CLANG_WARN_COMMA = YES;
				CLANG_WARN_CONSTANT_CONVERSION = YES;
				CLANG_WARN_DIRECT_OBJC_ISA_USAGE = YES_ERROR;
				CLANG_WARN_DOCUMENTATION_COMMENTS = YES;
				CLANG_WARN_EMPTY_BODY = YES;
				CLANG_WARN_ENUM_CONVERSION = YES;
				CLANG_WARN_INFINITE_RECURSION = YES;
				CLANG_WARN_INT_CONVERSION = YES;
				CLANG_WARN_NON_LITERAL_NULL_CONVERSION = YES;
				CLANG_WARN_OBJC_LITERAL_CONVERSION = YES;
				CLANG_WARN_OBJC_ROOT_CLASS = YES_ERROR;
				CLANG_WARN_RANGE_LOOP_ANALYSIS = YES;
				CLANG_WARN_STRICT_PROTOTYPES = YES;
				CLANG_WARN_SUSPICIOUS_MOVE = YES;
				CLANG_WARN_UNGUARDED_AVAILABILITY = YES_AGGRESSIVE;
				CLANG_WARN_UNREACHABLE_CODE = YES;
				CLANG_WARN__DUPLICATE_METHOD_MATCH = YES;
				CODE_SIGN_IDENTITY = "iPhone Developer";
				COPY_PHASE_STRIP = NO;
				DEBUG_INFORMATION_FORMAT = dwarf;
				ENABLE_STRICT_OBJC_MSGSEND = YES;
				ENABLE_TESTABILITY = YES;
				GCC_C_LANGUAGE_STANDARD = gnu11;
				GCC_DYNAMIC_NO_PIC = NO;
				GCC_NO_COMMON_BLOCKS = YES;
				GCC_OPTIMIZATION_LEVEL = 0;
				GCC_PREPROCESSOR_DEFINITIONS = (
					"DEBUG=1",
					"$(inherited)",
				);
				GCC_WARN_64_TO_32_BIT_CONVERSION = YES;
				GCC_WARN_ABOUT_RETURN_TYPE = YES_ERROR;
				GCC_WARN_UNDECLARED_SELECTOR = YES;
				GCC_WARN_UNINITIALIZED_AUTOS = YES_AGGRESSIVE;
				GCC_WARN_UNUSED_FUNCTION = YES;
				GCC_WARN_UNUSED_VARIABLE = YES;
				IPHONEOS_DEPLOYMENT_TARGET = 11.0;
				MTL_ENABLE_DEBUG_INFO = YES;
				ONLY_ACTIVE_ARCH = YES;
				SDKROOT = iphoneos;
				SWIFT_ACTIVE_COMPILATION_CONDITIONS = DEBUG;
				SWIFT_OPTIMIZATION_LEVEL = "-Onone";
			};
			name = Debug;
		};
		BD3FEDAB1F9B70E400910AF7 /* Release */ = {
			isa = XCBuildConfiguration;
			buildSettings = {
				ALWAYS_SEARCH_USER_PATHS = NO;
				CLANG_ANALYZER_NONNULL = YES;
				CLANG_ANALYZER_NUMBER_OBJECT_CONVERSION = YES_AGGRESSIVE;
				CLANG_CXX_LANGUAGE_STANDARD = "gnu++14";
				CLANG_CXX_LIBRARY = "libc++";
				CLANG_ENABLE_MODULES = YES;
				CLANG_ENABLE_OBJC_ARC = YES;
				CLANG_WARN_BLOCK_CAPTURE_AUTORELEASING = YES;
				CLANG_WARN_BOOL_CONVERSION = YES;
				CLANG_WARN_COMMA = YES;
				CLANG_WARN_CONSTANT_CONVERSION = YES;
				CLANG_WARN_DIRECT_OBJC_ISA_USAGE = YES_ERROR;
				CLANG_WARN_DOCUMENTATION_COMMENTS = YES;
				CLANG_WARN_EMPTY_BODY = YES;
				CLANG_WARN_ENUM_CONVERSION = YES;
				CLANG_WARN_INFINITE_RECURSION = YES;
				CLANG_WARN_INT_CONVERSION = YES;
				CLANG_WARN_NON_LITERAL_NULL_CONVERSION = YES;
				CLANG_WARN_OBJC_LITERAL_CONVERSION = YES;
				CLANG_WARN_OBJC_ROOT_CLASS = YES_ERROR;
				CLANG_WARN_RANGE_LOOP_ANALYSIS = YES;
				CLANG_WARN_STRICT_PROTOTYPES = YES;
				CLANG_WARN_SUSPICIOUS_MOVE = YES;
				CLANG_WARN_UNGUARDED_AVAILABILITY = YES_AGGRESSIVE;
				CLANG_WARN_UNREACHABLE_CODE = YES;
				CLANG_WARN__DUPLICATE_METHOD_MATCH = YES;
				CODE_SIGN_IDENTITY = "iPhone Developer";
				COPY_PHASE_STRIP = NO;
				DEBUG_INFORMATION_FORMAT = "dwarf-with-dsym";
				ENABLE_NS_ASSERTIONS = NO;
				ENABLE_STRICT_OBJC_MSGSEND = YES;
				GCC_C_LANGUAGE_STANDARD = gnu11;
				GCC_NO_COMMON_BLOCKS = YES;
				GCC_WARN_64_TO_32_BIT_CONVERSION = YES;
				GCC_WARN_ABOUT_RETURN_TYPE = YES_ERROR;
				GCC_WARN_UNDECLARED_SELECTOR = YES;
				GCC_WARN_UNINITIALIZED_AUTOS = YES_AGGRESSIVE;
				GCC_WARN_UNUSED_FUNCTION = YES;
				GCC_WARN_UNUSED_VARIABLE = YES;
				IPHONEOS_DEPLOYMENT_TARGET = 11.0;
				MTL_ENABLE_DEBUG_INFO = NO;
				SDKROOT = iphoneos;
				SWIFT_OPTIMIZATION_LEVEL = "-Owholemodule";
				VALIDATE_PRODUCT = YES;
			};
			name = Release;
		};
		BD3FEDAD1F9B70E400910AF7 /* Debug */ = {
			isa = XCBuildConfiguration;
			buildSettings = {
				ASSETCATALOG_COMPILER_APPICON_NAME = AppIcon;
				CODE_SIGN_STYLE = Automatic;
				DEVELOPMENT_TEAM = T9J39WJJ9G;
				INFOPLIST_FILE = LastFishFloating/Info.plist;
				LD_RUNPATH_SEARCH_PATHS = "$(inherited) @executable_path/Frameworks";
				PRODUCT_BUNDLE_IDENTIFIER = ChangzhouPanda.LastFishFloating;
				PRODUCT_NAME = "$(TARGET_NAME)";
				SWIFT_VERSION = 4.0;
				TARGETED_DEVICE_FAMILY = "1,2";
			};
			name = Debug;
		};
		BD3FEDAE1F9B70E400910AF7 /* Release */ = {
			isa = XCBuildConfiguration;
			buildSettings = {
				ASSETCATALOG_COMPILER_APPICON_NAME = AppIcon;
				CODE_SIGN_STYLE = Automatic;
				DEVELOPMENT_TEAM = T9J39WJJ9G;
				INFOPLIST_FILE = LastFishFloating/Info.plist;
				LD_RUNPATH_SEARCH_PATHS = "$(inherited) @executable_path/Frameworks";
				PRODUCT_BUNDLE_IDENTIFIER = ChangzhouPanda.LastFishFloating;
				PRODUCT_NAME = "$(TARGET_NAME)";
				SWIFT_VERSION = 4.0;
				TARGETED_DEVICE_FAMILY = "1,2";
			};
			name = Release;
		};
		BD3FEDB01F9B70E400910AF7 /* Debug */ = {
			isa = XCBuildConfiguration;
			buildSettings = {
				ALWAYS_EMBED_SWIFT_STANDARD_LIBRARIES = YES;
				BUNDLE_LOADER = "$(TEST_HOST)";
				CODE_SIGN_STYLE = Automatic;
				DEVELOPMENT_TEAM = T9J39WJJ9G;
				INFOPLIST_FILE = LastFishFloatingTests/Info.plist;
				LD_RUNPATH_SEARCH_PATHS = "$(inherited) @executable_path/Frameworks @loader_path/Frameworks";
				PRODUCT_BUNDLE_IDENTIFIER = ChangzhouPanda.LastFishFloatingTests;
				PRODUCT_NAME = "$(TARGET_NAME)";
				SWIFT_VERSION = 4.0;
				TARGETED_DEVICE_FAMILY = "1,2";
				TEST_HOST = "$(BUILT_PRODUCTS_DIR)/LastFishFloating.app/LastFishFloating";
			};
			name = Debug;
		};
		BD3FEDB11F9B70E400910AF7 /* Release */ = {
			isa = XCBuildConfiguration;
			buildSettings = {
				ALWAYS_EMBED_SWIFT_STANDARD_LIBRARIES = YES;
				BUNDLE_LOADER = "$(TEST_HOST)";
				CODE_SIGN_STYLE = Automatic;
				DEVELOPMENT_TEAM = T9J39WJJ9G;
				INFOPLIST_FILE = LastFishFloatingTests/Info.plist;
				LD_RUNPATH_SEARCH_PATHS = "$(inherited) @executable_path/Frameworks @loader_path/Frameworks";
				PRODUCT_BUNDLE_IDENTIFIER = ChangzhouPanda.LastFishFloatingTests;
				PRODUCT_NAME = "$(TARGET_NAME)";
				SWIFT_VERSION = 4.0;
				TARGETED_DEVICE_FAMILY = "1,2";
				TEST_HOST = "$(BUILT_PRODUCTS_DIR)/LastFishFloating.app/LastFishFloating";
			};
			name = Release;
		};
		BD3FEDB31F9B70E400910AF7 /* Debug */ = {
			isa = XCBuildConfiguration;
			buildSettings = {
				ALWAYS_EMBED_SWIFT_STANDARD_LIBRARIES = YES;
				CODE_SIGN_STYLE = Automatic;
				DEVELOPMENT_TEAM = T9J39WJJ9G;
				INFOPLIST_FILE = LastFishFloatingUITests/Info.plist;
				LD_RUNPATH_SEARCH_PATHS = "$(inherited) @executable_path/Frameworks @loader_path/Frameworks";
				PRODUCT_BUNDLE_IDENTIFIER = ChangzhouPanda.LastFishFloatingUITests;
				PRODUCT_NAME = "$(TARGET_NAME)";
				SWIFT_VERSION = 4.0;
				TARGETED_DEVICE_FAMILY = "1,2";
				TEST_TARGET_NAME = LastFishFloating;
			};
			name = Debug;
		};
		BD3FEDB41F9B70E400910AF7 /* Release */ = {
			isa = XCBuildConfiguration;
			buildSettings = {
				ALWAYS_EMBED_SWIFT_STANDARD_LIBRARIES = YES;
				CODE_SIGN_STYLE = Automatic;
				DEVELOPMENT_TEAM = T9J39WJJ9G;
				INFOPLIST_FILE = LastFishFloatingUITests/Info.plist;
				LD_RUNPATH_SEARCH_PATHS = "$(inherited) @executable_path/Frameworks @loader_path/Frameworks";
				PRODUCT_BUNDLE_IDENTIFIER = ChangzhouPanda.LastFishFloatingUITests;
				PRODUCT_NAME = "$(TARGET_NAME)";
				SWIFT_VERSION = 4.0;
				TARGETED_DEVICE_FAMILY = "1,2";
				TEST_TARGET_NAME = LastFishFloating;
			};
			name = Release;
		};
/* End XCBuildConfiguration section */

/* Begin XCConfigurationList section */
		BD3FED791F9B70E400910AF7 /* Build configuration list for PBXProject "LastFishFloating" */ = {
			isa = XCConfigurationList;
			buildConfigurations = (
				BD3FEDAA1F9B70E400910AF7 /* Debug */,
				BD3FEDAB1F9B70E400910AF7 /* Release */,
			);
			defaultConfigurationIsVisible = 0;
			defaultConfigurationName = Release;
		};
		BD3FEDAC1F9B70E400910AF7 /* Build configuration list for PBXNativeTarget "LastFishFloating" */ = {
			isa = XCConfigurationList;
			buildConfigurations = (
				BD3FEDAD1F9B70E400910AF7 /* Debug */,
				BD3FEDAE1F9B70E400910AF7 /* Release */,
			);
			defaultConfigurationIsVisible = 0;
			defaultConfigurationName = Release;
		};
		BD3FEDAF1F9B70E400910AF7 /* Build configuration list for PBXNativeTarget "LastFishFloatingTests" */ = {
			isa = XCConfigurationList;
			buildConfigurations = (
				BD3FEDB01F9B70E400910AF7 /* Debug */,
				BD3FEDB11F9B70E400910AF7 /* Release */,
			);
			defaultConfigurationIsVisible = 0;
			defaultConfigurationName = Release;
		};
		BD3FEDB21F9B70E400910AF7 /* Build configuration list for PBXNativeTarget "LastFishFloatingUITests" */ = {
			isa = XCConfigurationList;
			buildConfigurations = (
				BD3FEDB31F9B70E400910AF7 /* Debug */,
				BD3FEDB41F9B70E400910AF7 /* Release */,
			);
			defaultConfigurationIsVisible = 0;
			defaultConfigurationName = Release;
		};
/* End XCConfigurationList section */
	};
	rootObject = BD3FED761F9B70E400910AF7 /* Project object */;
}
